Microsoft Visual Studio Solution File, Format Version 12.00
# Visual Studio Version 17
VisualStudioVersion = 17.5.2.0
MinimumVisualStudioVersion = 10.0.40219.1
Project("{FAE04EC0-301F-11D3-BF4B-00C04F79EFBC}") = "Curso CSharp", "Curso CSharp.csproj", "{B9E97AC4-18D3-B4D7-1082-78731827374E}"
EndProject
Global
	GlobalSection(SolutionConfigurationPlatforms) = preSolution
		Debug|Any CPU = Debug|Any CPU
		Release|Any CPU = Release|Any CPU
	EndGlobalSection
	GlobalSection(ProjectConfigurationPlatforms) = postSolution
		{B9E97AC4-18D3-B4D7-1082-78731827374E}.Debug|Any CPU.ActiveCfg = Debug|Any CPU
		{B9E97AC4-18D3-B4D7-1082-78731827374E}.Debug|Any CPU.Build.0 = Debug|Any CPU
		{B9E97AC4-18D3-B4D7-1082-78731827374E}.Release|Any CPU.ActiveCfg = Release|Any CPU
		{B9E97AC4-18D3-B4D7-1082-78731827374E}.Release|Any CPU.Build.0 = Release|Any CPU
	EndGlobalSection
	GlobalSection(SolutionProperties) = preSolution
		HideSolutionNode = FALSE
	EndGlobalSection
	GlobalSection(ExtensibilityGlobals) = postSolution
		SolutionGuid = {272F8235-801A-48A9-9D2D-29ADA31147F6}
	EndGlobalSection
EndGlobal
